// !$*UTF8*$!
{
	archiveVersion = 1;
	classes = {
	};
	objectVersion = 46;
	objects = {

/* Begin PBXBuildFile section */
		044213781E7F8374002F3EFD /* AppDelegate.swift in Sources */ = {isa = PBXBuildFile; fileRef = 044213771E7F8374002F3EFD /* AppDelegate.swift */; };
		0442137A1E7F8374002F3EFD /* ViewController.swift in Sources */ = {isa = PBXBuildFile; fileRef = 044213791E7F8374002F3EFD /* ViewController.swift */; };
		0442137D1E7F8374002F3EFD /* Main.storyboard in Resources */ = {isa = PBXBuildFile; fileRef = 0442137B1E7F8374002F3EFD /* Main.storyboard */; };
		0442137F1E7F8374002F3EFD /* Assets.xcassets in Resources */ = {isa = PBXBuildFile; fileRef = 0442137E1E7F8374002F3EFD /* Assets.xcassets */; };
		044213821E7F8374002F3EFD /* LaunchScreen.storyboard in Resources */ = {isa = PBXBuildFile; fileRef = 044213801E7F8374002F3EFD /* LaunchScreen.storyboard */; };
/* End PBXBuildFile section */

/* Begin PBXFileReference section */
		044213741E7F8373002F3EFD /* helloooooworld.app */ = {isa = PBXFileReference; explicitFileType = wrapper.application; includeInIndex = 0; path = helloooooworld.app; sourceTree = BUILT_PRODUCTS_DIR; };
		044213771E7F8374002F3EFD /* AppDelegate.swift */ = {isa = PBXFileReference; lastKnownFileType = sourcecode.swift; path = AppDelegate.swift; sourceTree = "<group>"; };
		044213791E7F8374002F3EFD /* ViewController.swift */ = {isa = PBXFileReference; lastKnownFileType = sourcecode.swift; path = ViewController.swift; sourceTree = "<group>"; };
		0442137C1E7F8374002F3EFD /* Base */ = {isa = PBXFileReference; lastKnownFileType = file.storyboard; name = Base; path = Base.lproj/Main.storyboard; sourceTree = "<group>"; };
		0442137E1E7F8374002F3EFD /* Assets.xcassets */ = {isa = PBXFileReference; lastKnownFileType = folder.assetcatalog; path = Assets.xcassets; sourceTree = "<group>"; };
		044213811E7F8374002F3EFD /* Base */ = {isa = PBXFileReference; lastKnownFileType = file.storyboard; name = Base; path = Base.lproj/LaunchScreen.storyboard; sourceTree = "<group>"; };
		044213831E7F8374002F3EFD /* Info.plist */ = {isa = PBXFileReference; lastKnownFileType = text.plist.xml; path = Info.plist; sourceTree = "<group>"; };
/* End PBXFileReference section */

/* Begin PBXFrameworksBuildPhase section */
		044213711E7F8373002F3EFD /* Frameworks */ = {
			isa = PBXFrameworksBuildPhase;
			buildActionMask = 2147483647;
			files = (
			);
			runOnlyForDeploymentPostprocessing = 0;
		};
/* End PBXFrameworksBuildPhase section */

/* Begin PBXGroup section */
		0442136B1E7F8373002F3EFD = {
			isa = PBXGroup;
			children = (
				044213761E7F8373002F3EFD /* helloooooworld */,
				044213751E7F8373002F3EFD /* Products */,
			);
			sourceTree = "<group>";
		};
		044213751E7F8373002F3EFD /* Products */ = {
			isa = PBXGroup;
			children = (
				044213741E7F8373002F3EFD /* helloooooworld.app */,
			);
			name = Products;
			sourceTree = "<group>";
		};
		044213761E7F8373002F3EFD /* helloooooworld */ = {
			isa = PBXGroup;
			children = (
				044213771E7F8374002F3EFD /* AppDelegate.swift */,
				044213791E7F8374002F3EFD /* ViewController.swift */,
				0442137B1E7F8374002F3EFD /* Main.storyboard */,
				0442137E1E7F8374002F3EFD /* Assets.xcassets */,
				044213801E7F8374002F3EFD /* LaunchScreen.storyboard */,
				044213831E7F8374002F3EFD /* Info.plist */,
			);
			path = helloooooworld;
			sourceTree = "<group>";
		};
/* End PBXGroup section */

/* Begin PBXNativeTarget section */
		044213731E7F8373002F3EFD /* helloooooworld */ = {
			isa = PBXNativeTarget;
			buildConfigurationList = 044213861E7F8374002F3EFD /* Build configuration list for PBXNativeTarget "helloooooworld" */;
			buildPhases = (
				044213701E7F8373002F3EFD /* Sources */,
				044213711E7F8373002F3EFD /* Frameworks */,
				044213721E7F8373002F3EFD /* Resources */,
			);
			buildRules = (
			);
			dependencies = (
			);
			name = helloooooworld;
			productName = helloooooworld;
			productReference = 044213741E7F8373002F3EFD /* helloooooworld.app */;
			productType = "com.apple.product-type.application";
		};
/* End PBXNativeTarget section */

/* Begin PBXProject section */
		0442136C1E7F8373002F3EFD /* Project object */ = {
			isa = PBXProject;
			attributes = {
				LastSwiftUpdateCheck = 0820;
				LastUpgradeCheck = 0820;
				ORGANIZATIONNAME = ciao;
				TargetAttributes = {
					044213731E7F8373002F3EFD = {
						CreatedOnToolsVersion = 8.2.1;
						ProvisioningStyle = Automatic;
					};
				};
			};
			buildConfigurationList = 0442136F1E7F8373002F3EFD /* Build configuration list for PBXProject "helloooooworld" */;
			compatibilityVersion = "Xcode 3.2";
			developmentRegion = English;
			hasScannedForEncodings = 0;
			knownRegions = (
				en,
				Base,
			);
			mainGroup = 0442136B1E7F8373002F3EFD;
			productRefGroup = 044213751E7F8373002F3EFD /* Products */;
			projectDirPath = "";
			projectRoot = "";
			targets = (
				044213731E7F8373002F3EFD /* helloooooworld */,
			);
		};
/* End PBXProject section */

/* Begin PBXResourcesBuildPhase section */
		044213721E7F8373002F3EFD /* Resources */ = {
			isa = PBXResourcesBuildPhase;
			buildActionMask = 2147483647;
			files = (
				044213821E7F8374002F3EFD /* LaunchScreen.storyboard in Resources */,
				0442137F1E7F8374002F3EFD /* Assets.xcassets in Resources */,
				0442137D1E7F8374002F3EFD /* Main.storyboard in Resources */,
			);
			runOnlyForDeploymentPostprocessing = 0;
		};
/* End PBXResourcesBuildPhase section */

/* Begin PBXSourcesBuildPhase section */
		044213701E7F8373002F3EFD /* Sources */ = {
			isa = PBXSourcesBuildPhase;
			buildActionMask = 2147483647;
			files = (
				0442137A1E7F8374002F3EFD /* ViewController.swift in Sources */,
				044213781E7F8374002F3EFD /* AppDelegate.swift in Sources */,
			);
			runOnlyForDeploymentPostprocessing = 0;
		};
/* End PBXSourcesBuildPhase section */

/* Begin PBXVariantGroup section */
		0442137B1E7F8374002F3EFD /* Main.storyboard */ = {
			isa = PBXVariantGroup;
			children = (
				0442137C1E7F8374002F3EFD /* Base */,
			);
			name = Main.storyboard;
			sourceTree = "<group>";
		};
		044213801E7F8374002F3EFD /* LaunchScreen.storyboard */ = {
			isa = PBXVariantGroup;
			children = (
				044213811E7F8374002F3EFD /* Base */,
			);
			name = LaunchScreen.storyboard;
			sourceTree = "<group>";
		};
/* End PBXVariantGroup section */

/* Begin XCBuildConfiguration section */
		044213841E7F8374002F3EFD /* Debug */ = {
			isa = XCBuildConfiguration;
			buildSettings = {
				ALWAYS_SEARCH_USER_PATHS = NO;
				CLANG_ANALYZER_NONNULL = YES;
				CLANG_CXX_LANGUAGE_STANDARD = "gnu++0x";
				CLANG_CXX_LIBRARY = "libc++";
				CLANG_ENABLE_MODULES = YES;
				CLANG_ENABLE_OBJC_ARC = YES;
				CLANG_WARN_BOOL_CONVERSION = YES;
				CLANG_WARN_CONSTANT_CONVERSION = YES;
				CLANG_WARN_DIRECT_OBJC_ISA_USAGE = YES_ERROR;
				CLANG_WARN_DOCUMENTATION_COMMENTS = YES;
				CLANG_WARN_EMPTY_BODY = YES;
				CLANG_WARN_ENUM_CONVERSION = YES;
				CLANG_WARN_INFINITE_RECURSION = YES;
				CLANG_WARN_INT_CONVERSION = YES;
				CLANG_WARN_OBJC_ROOT_CLASS = YES_ERROR;
				CLANG_WARN_SUSPICIOUS_MOVE = YES;
				CLANG_WARN_UNREACHABLE_CODE = YES;
				CLANG_WARN__DUPLICATE_METHOD_MATCH = YES;
				"CODE_SIGN_IDENTITY[sdk=iphoneos*]" = "iPhone Developer";
				COPY_PHASE_STRIP = NO;
				DEBUG_INFORMATION_FORMAT = dwarf;
				ENABLE_STRICT_OBJC_MSGSEND = YES;
				ENABLE_TESTABILITY = YES;
				GCC_C_LANGUAGE_STANDARD = gnu99;
				GCC_DYNAMIC_NO_PIC = NO;
				GCC_NO_COMMON_BLOCKS = YES;
				GCC_OPTIMIZATION_LEVEL = 0;
				GCC_PREPROCESSOR_DEFINITIONS = (
					"DEBUG=1",
					"$(inherited)",
				);
				GCC_WARN_64_TO_32_BIT_CONVERSION = YES;
				GCC_WARN_ABOUT_RETURN_TYPE = YES_ERROR;
				GCC_WARN_UNDECLARED_SELECTOR = YES;
				GCC_WARN_UNINITIALIZED_AUTOS = YES_AGGRESSIVE;
				GCC_WARN_UNUSED_FUNCTION = YES;
				GCC_WARN_UNUSED_VARIABLE = YES;
				IPHONEOS_DEPLOYMENT_TARGET = 10.2;
				MTL_ENABLE_DEBUG_INFO = YES;
				ONLY_ACTIVE_ARCH = YES;
				SDKROOT = iphoneos;
				SWIFT_ACTIVE_COMPILATION_CONDITIONS = DEBUG;
				SWIFT_OPTIMIZATION_LEVEL = "-Onone";
				TARGETED_DEVICE_FAMILY = "1,2";
			};
			name = Debug;
		};
		044213851E7F8374002F3EFD /* Release */ = {
			isa = XCBuildConfiguration;
			buildSettings = {
				ALWAYS_SEARCH_USER_PATHS = NO;
				CLANG_ANALYZER_NONNULL = YES;
				CLANG_CXX_LANGUAGE_STANDARD = "gnu++0x";
				CLANG_CXX_LIBRARY = "libc++";
				CLANG_ENABLE_MODULES = YES;
				CLANG_ENABLE_OBJC_ARC = YES;
				CLANG_WARN_BOOL_CONVERSION = YES;
				CLANG_WARN_CONSTANT_CONVERSION = YES;
				CLANG_WARN_DIRECT_OBJC_ISA_USAGE = YES_ERROR;
				CLANG_WARN_DOCUMENTATION_COMMENTS = YES;
				CLANG_WARN_EMPTY_BODY = YES;
				CLANG_WARN_ENUM_CONVERSION = YES;
				CLANG_WARN_INFINITE_RECURSION = YES;
				CLANG_WARN_INT_CONVERSION = YES;
				CLANG_WARN_OBJC_ROOT_CLASS = YES_ERROR;
				CLANG_WARN_SUSPICIOUS_MOVE = YES;
				CLANG_WARN_UNREACHABLE_CODE = YES;
				CLANG_WARN__DUPLICATE_METHOD_MATCH = YES;
				"CODE_SIGN_IDENTITY[sdk=iphoneos*]" = "iPhone Developer";
				COPY_PHASE_STRIP = NO;
				DEBUG_INFORMATION_FORMAT = "dwarf-with-dsym";
				ENABLE_NS_ASSERTIONS = NO;
				ENABLE_STRICT_OBJC_MSGSEND = YES;
				GCC_C_LANGUAGE_STANDARD = gnu99;
				GCC_NO_COMMON_BLOCKS = YES;
				GCC_WARN_64_TO_32_BIT_CONVERSION = YES;
				GCC_WARN_ABOUT_RETURN_TYPE = YES_ERROR;
				GCC_WARN_UNDECLARED_SELECTOR = YES;
				GCC_WARN_UNINITIALIZED_AUTOS = YES_AGGRESSIVE;
				GCC_WARN_UNUSED_FUNCTION = YES;
				GCC_WARN_UNUSED_VARIABLE = YES;
				IPHONEOS_DEPLOYMENT_TARGET = 10.2;
				MTL_ENABLE_DEBUG_INFO = NO;
				SDKROOT = iphoneos;
				SWIFT_OPTIMIZATION_LEVEL = "-Owholemodule";
				TARGETED_DEVICE_FAMILY = "1,2";
				VALIDATE_PRODUCT = YES;
			};
			name = Release;
		};
		044213871E7F8374002F3EFD /* Debug */ = {
			isa = XCBuildConfiguration;
			buildSettings = {
				ASSETCATALOG_COMPILER_APPICON_NAME = AppIcon;
				INFOPLIST_FILE = helloooooworld/Info.plist;
				LD_RUNPATH_SEARCH_PATHS = "$(inherited) @executable_path/Frameworks";
				PRODUCT_BUNDLE_IDENTIFIER = bakolo.helloooooworld;
				PRODUCT_NAME = "$(TARGET_NAME)";
				SWIFT_VERSION = 3.0;
			};
			name = Debug;
		};
		044213881E7F8374002F3EFD /* Release */ = {
			isa = XCBuildConfiguration;
			buildSettings = {
				ASSETCATALOG_COMPILER_APPICON_NAME = AppIcon;
				INFOPLIST_FILE = helloooooworld/Info.plist;
				LD_RUNPATH_SEARCH_PATHS = "$(inherited) @executable_path/Frameworks";
				PRODUCT_BUNDLE_IDENTIFIER = bakolo.helloooooworld;
				PRODUCT_NAME = "$(TARGET_NAME)";
				SWIFT_VERSION = 3.0;
			};
			name = Release;
		};
/* End XCBuildConfiguration section */

/* Begin XCConfigurationList section */
		0442136F1E7F8373002F3EFD /* Build configuration list for PBXProject "helloooooworld" */ = {
			isa = XCConfigurationList;
			buildConfigurations = (
				044213841E7F8374002F3EFD /* Debug */,
				044213851E7F8374002F3EFD /* Release */,
			);
			defaultConfigurationIsVisible = 0;
			defaultConfigurationName = Release;
		};
		044213861E7F8374002F3EFD /* Build configuration list for PBXNativeTarget "helloooooworld" */ = {
			isa = XCConfigurationList;
			buildConfigurations = (
				044213871E7F8374002F3EFD /* Debug */,
				044213881E7F8374002F3EFD /* Release */,
			);
			defaultConfigurationIsVisible = 0;
		};
/* End XCConfigurationList section */
	};
	rootObject = 0442136C1E7F8373002F3EFD /* Project object */;
}
